
Microsoft Visual Studio Solution File, Format Version 12.00
# Visual Studio Version 16
VisualStudioVersion = 16.0.32126.315
MinimumVisualStudioVersion = 10.0.40219.1
Project("{FAE04EC0-301F-11D3-BF4B-00C04F79EFBC}") = "TakeIt.WPF", "TakeIt.WPF\TakeIt.WPF.csproj", "{E49A1C34-2403-4A60-84A4-8D0CA3778067}"
EndProject
Project("{9A19103F-16F7-4668-BE54-9A1E7A4F7556}") = "TakeIt.Commos", "TakeIt.Commos\TakeIt.Commos.csproj", "{708AC60B-A686-4A17-92CA-5F0222BE18B8}"
EndProject
Project("{9A19103F-16F7-4668-BE54-9A1E7A4F7556}") = "TakeIt.Services", "TakeIt.Services\TakeIt.Services.csproj", "{E3E641E4-309A-48B5-AF8E-F5E3279B4032}"
EndProject
Project("{FAE04EC0-301F-11D3-BF4B-00C04F79EFBC}") = "TakeIt.UWP", "TakeIt.UWP\TakeIt.UWP.csproj", "{420EE6FA-95BC-4B37-92F5-B233AB2A2183}"
EndProject
Project("{9A19103F-16F7-4668-BE54-9A1E7A4F7556}") = "TakeIt.Domain", "TakeIt.Domain\TakeIt.Domain.csproj", "{D40066CD-0D4D-49B3-810B-86CF78D6CDF1}"
EndProject
Project("{C7167F0D-BC9F-4E6E-AFE1-012C56B48DB5}") = "WpfToUwpWAP", "WpfToUwpWAP\WpfToUwpWAP.wapproj", "{F3FC1746-7963-4FA3-A3F9-4FA25AD6B816}"
EndProject
Global
	GlobalSection(SolutionConfigurationPlatforms) = preSolution
		Debug|Any CPU = Debug|Any CPU
		Debug|ARM = Debug|ARM
		Debug|ARM64 = Debug|ARM64
		Debug|x64 = Debug|x64
		Debug|x86 = Debug|x86
		Release|Any CPU = Release|Any CPU
		Release|ARM = Release|ARM
		Release|ARM64 = Release|ARM64
		Release|x64 = Release|x64
		Release|x86 = Release|x86
	EndGlobalSection
	GlobalSection(ProjectConfigurationPlatforms) = postSolution
		{E49A1C34-2403-4A60-84A4-8D0CA3778067}.Debug|Any CPU.ActiveCfg = Debug|Any CPU
		{E49A1C34-2403-4A60-84A4-8D0CA3778067}.Debug|Any CPU.Build.0 = Debug|Any CPU
		{E49A1C34-2403-4A60-84A4-8D0CA3778067}.Debug|ARM.ActiveCfg = Debug|Any CPU
		{E49A1C34-2403-4A60-84A4-8D0CA3778067}.Debug|ARM.Build.0 = Debug|Any CPU
		{E49A1C34-2403-4A60-84A4-8D0CA3778067}.Debug|ARM64.ActiveCfg = Debug|Any CPU
		{E49A1C34-2403-4A60-84A4-8D0CA3778067}.Debug|ARM64.Build.0 = Debug|Any CPU
		{E49A1C34-2403-4A60-84A4-8D0CA3778067}.Debug|x64.ActiveCfg = Debug|Any CPU
		{E49A1C34-2403-4A60-84A4-8D0CA3778067}.Debug|x64.Build.0 = Debug|Any CPU
		{E49A1C34-2403-4A60-84A4-8D0CA3778067}.Debug|x86.ActiveCfg = Debug|Any CPU
		{E49A1C34-2403-4A60-84A4-8D0CA3778067}.Debug|x86.Build.0 = Debug|Any CPU
		{E49A1C34-2403-4A60-84A4-8D0CA3778067}.Release|Any CPU.ActiveCfg = Release|Any CPU
		{E49A1C34-2403-4A60-84A4-8D0CA3778067}.Release|Any CPU.Build.0 = Release|Any CPU
		{E49A1C34-2403-4A60-84A4-8D0CA3778067}.Release|ARM.ActiveCfg = Release|Any CPU
		{E49A1C34-2403-4A60-84A4-8D0CA3778067}.Release|ARM.Build.0 = Release|Any CPU
		{E49A1C34-2403-4A60-84A4-8D0CA3778067}.Release|ARM64.ActiveCfg = Release|Any CPU
		{E49A1C34-2403-4A60-84A4-8D0CA3778067}.Release|ARM64.Build.0 = Release|Any CPU
		{E49A1C34-2403-4A60-84A4-8D0CA3778067}.Release|x64.ActiveCfg = Release|Any CPU
		{E49A1C34-2403-4A60-84A4-8D0CA3778067}.Release|x64.Build.0 = Release|Any CPU
		{E49A1C34-2403-4A60-84A4-8D0CA3778067}.Release|x86.ActiveCfg = Release|Any CPU
		{E49A1C34-2403-4A60-84A4-8D0CA3778067}.Release|x86.Build.0 = Release|Any CPU
		{708AC60B-A686-4A17-92CA-5F0222BE18B8}.Debug|Any CPU.ActiveCfg = Debug|Any CPU
		{708AC60B-A686-4A17-92CA-5F0222BE18B8}.Debug|Any CPU.Build.0 = Debug|Any CPU
		{708AC60B-A686-4A17-92CA-5F0222BE18B8}.Debug|ARM.ActiveCfg = Debug|Any CPU
		{708AC60B-A686-4A17-92CA-5F0222BE18B8}.Debug|ARM.Build.0 = Debug|Any CPU
		{708AC60B-A686-4A17-92CA-5F0222BE18B8}.Debug|ARM64.ActiveCfg = Debug|Any CPU
		{708AC60B-A686-4A17-92CA-5F0222BE18B8}.Debug|ARM64.Build.0 = Debug|Any CPU
		{708AC60B-A686-4A17-92CA-5F0222BE18B8}.Debug|x64.ActiveCfg = Debug|Any CPU
		{708AC60B-A686-4A17-92CA-5F0222BE18B8}.Debug|x64.Build.0 = Debug|Any CPU
		{708AC60B-A686-4A17-92CA-5F0222BE18B8}.Debug|x86.ActiveCfg = Debug|Any CPU
		{708AC60B-A686-4A17-92CA-5F0222BE18B8}.Debug|x86.Build.0 = Debug|Any CPU
		{708AC60B-A686-4A17-92CA-5F0222BE18B8}.Release|Any CPU.ActiveCfg = Release|Any CPU
		{708AC60B-A686-4A17-92CA-5F0222BE18B8}.Release|Any CPU.Build.0 = Release|Any CPU
		{708AC60B-A686-4A17-92CA-5F0222BE18B8}.Release|ARM.ActiveCfg = Release|Any CPU
		{708AC60B-A686-4A17-92CA-5F0222BE18B8}.Release|ARM.Build.0 = Release|Any CPU
		{708AC60B-A686-4A17-92CA-5F0222BE18B8}.Release|ARM64.ActiveCfg = Release|Any CPU
		{708AC60B-A686-4A17-92CA-5F0222BE18B8}.Release|ARM64.Build.0 = Release|Any CPU
		{708AC60B-A686-4A17-92CA-5F0222BE18B8}.Release|x64.ActiveCfg = Release|Any CPU
		{708AC60B-A686-4A17-92CA-5F0222BE18B8}.Release|x64.Build.0 = Release|Any CPU
		{708AC60B-A686-4A17-92CA-5F0222BE18B8}.Release|x86.ActiveCfg = Release|Any CPU
		{708AC60B-A686-4A17-92CA-5F0222BE18B8}.Release|x86.Build.0 = Release|Any CPU
		{E3E641E4-309A-48B5-AF8E-F5E3279B4032}.Debug|Any CPU.ActiveCfg = Debug|Any CPU
		{E3E641E4-309A-48B5-AF8E-F5E3279B4032}.Debug|Any CPU.Build.0 = Debug|Any CPU
		{E3E641E4-309A-48B5-AF8E-F5E3279B4032}.Debug|ARM.ActiveCfg = Debug|Any CPU
		{E3E641E4-309A-48B5-AF8E-F5E3279B4032}.Debug|ARM.Build.0 = Debug|Any CPU
		{E3E641E4-309A-48B5-AF8E-F5E3279B4032}.Debug|ARM64.ActiveCfg = Debug|Any CPU
		{E3E641E4-309A-48B5-AF8E-F5E3279B4032}.Debug|ARM64.Build.0 = Debug|Any CPU
		{E3E641E4-309A-48B5-AF8E-F5E3279B4032}.Debug|x64.ActiveCfg = Debug|Any CPU
		{E3E641E4-309A-48B5-AF8E-F5E3279B4032}.Debug|x64.Build.0 = Debug|Any CPU
		{E3E641E4-309A-48B5-AF8E-F5E3279B4032}.Debug|x86.ActiveCfg = Debug|Any CPU
		{E3E641E4-309A-48B5-AF8E-F5E3279B4032}.Debug|x86.Build.0 = Debug|Any CPU
		{E3E641E4-309A-48B5-AF8E-F5E3279B4032}.Release|Any CPU.ActiveCfg = Release|Any CPU
		{E3E641E4-309A-48B5-AF8E-F5E3279B4032}.Release|Any CPU.Build.0 = Release|Any CPU
		{E3E641E4-309A-48B5-AF8E-F5E3279B4032}.Release|ARM.ActiveCfg = Release|Any CPU
		{E3E641E4-309A-48B5-AF8E-F5E3279B4032}.Release|ARM.Build.0 = Release|Any CPU
		{E3E641E4-309A-48B5-AF8E-F5E3279B4032}.Release|ARM64.ActiveCfg = Release|Any CPU
		{E3E641E4-309A-48B5-AF8E-F5E3279B4032}.Release|ARM64.Build.0 = Release|Any CPU
		{E3E641E4-309A-48B5-AF8E-F5E3279B4032}.Release|x64.ActiveCfg = Release|Any CPU
		{E3E641E4-309A-48B5-AF8E-F5E3279B4032}.Release|x64.Build.0 = Release|Any CPU
		{E3E641E4-309A-48B5-AF8E-F5E3279B4032}.Release|x86.ActiveCfg = Release|Any CPU
		{E3E641E4-309A-48B5-AF8E-F5E3279B4032}.Release|x86.Build.0 = Release|Any CPU
		{420EE6FA-95BC-4B37-92F5-B233AB2A2183}.Debug|Any CPU.ActiveCfg = Debug|x86
		{420EE6FA-95BC-4B37-92F5-B233AB2A2183}.Debug|ARM.ActiveCfg = Debug|ARM
		{420EE6FA-95BC-4B37-92F5-B233AB2A2183}.Debug|ARM.Build.0 = Debug|ARM
		{420EE6FA-95BC-4B37-92F5-B233AB2A2183}.Debug|ARM.Deploy.0 = Debug|ARM
		{420EE6FA-95BC-4B37-92F5-B233AB2A2183}.Debug|ARM64.ActiveCfg = Debug|ARM64
		{420EE6FA-95BC-4B37-92F5-B233AB2A2183}.Debug|ARM64.Build.0 = Debug|ARM64
		{420EE6FA-95BC-4B37-92F5-B233AB2A2183}.Debug|ARM64.Deploy.0 = Debug|ARM64
		{420EE6FA-95BC-4B37-92F5-B233AB2A2183}.Debug|x64.ActiveCfg = Debug|x64
		{420EE6FA-95BC-4B37-92F5-B233AB2A2183}.Debug|x64.Build.0 = Debug|x64
		{420EE6FA-95BC-4B37-92F5-B233AB2A2183}.Debug|x64.Deploy.0 = Debug|x64
		{420EE6FA-95BC-4B37-92F5-B233AB2A2183}.Debug|x86.ActiveCfg = Debug|x86
		{420EE6FA-95BC-4B37-92F5-B233AB2A2183}.Debug|x86.Build.0 = Debug|x86
		{420EE6FA-95BC-4B37-92F5-B233AB2A2183}.Debug|x86.Deploy.0 = Debug|x86
		{420EE6FA-95BC-4B37-92F5-B233AB2A2183}.Release|Any CPU.ActiveCfg = Release|x86
		{420EE6FA-95BC-4B37-92F5-B233AB2A2183}.Release|ARM.ActiveCfg = Release|ARM
		{420EE6FA-95BC-4B37-92F5-B233AB2A2183}.Release|ARM.Build.0 = Release|ARM
		{420EE6FA-95BC-4B37-92F5-B233AB2A2183}.Release|ARM.Deploy.0 = Release|ARM
		{420EE6FA-95BC-4B37-92F5-B233AB2A2183}.Release|ARM64.ActiveCfg = Release|ARM64
		{420EE6FA-95BC-4B37-92F5-B233AB2A2183}.Release|ARM64.Build.0 = Release|ARM64
		{420EE6FA-95BC-4B37-92F5-B233AB2A2183}.Release|ARM64.Deploy.0 = Release|ARM64
		{420EE6FA-95BC-4B37-92F5-B233AB2A2183}.Release|x64.ActiveCfg = Release|x64
		{420EE6FA-95BC-4B37-92F5-B233AB2A2183}.Release|x64.Build.0 = Release|x64
		{420EE6FA-95BC-4B37-92F5-B233AB2A2183}.Release|x64.Deploy.0 = Release|x64
		{420EE6FA-95BC-4B37-92F5-B233AB2A2183}.Release|x86.ActiveCfg = Release|x86
		{420EE6FA-95BC-4B37-92F5-B233AB2A2183}.Release|x86.Build.0 = Release|x86
		{420EE6FA-95BC-4B37-92F5-B233AB2A2183}.Release|x86.Deploy.0 = Release|x86
		{D40066CD-0D4D-49B3-810B-86CF78D6CDF1}.Debug|Any CPU.ActiveCfg = Debug|Any CPU
		{D40066CD-0D4D-49B3-810B-86CF78D6CDF1}.Debug|Any CPU.Build.0 = Debug|Any CPU
		{D40066CD-0D4D-49B3-810B-86CF78D6CDF1}.Debug|ARM.ActiveCfg = Debug|Any CPU
		{D40066CD-0D4D-49B3-810B-86CF78D6CDF1}.Debug|ARM.Build.0 = Debug|Any CPU
		{D40066CD-0D4D-49B3-810B-86CF78D6CDF1}.Debug|ARM64.ActiveCfg = Debug|Any CPU
		{D40066CD-0D4D-49B3-810B-86CF78D6CDF1}.Debug|ARM64.Build.0 = Debug|Any CPU
		{D40066CD-0D4D-49B3-810B-86CF78D6CDF1}.Debug|x64.ActiveCfg = Debug|Any CPU
		{D40066CD-0D4D-49B3-810B-86CF78D6CDF1}.Debug|x64.Build.0 = Debug|Any CPU
		{D40066CD-0D4D-49B3-810B-86CF78D6CDF1}.Debug|x86.ActiveCfg = Debug|Any CPU
		{D40066CD-0D4D-49B3-810B-86CF78D6CDF1}.Debug|x86.Build.0 = Debug|Any CPU
		{D40066CD-0D4D-49B3-810B-86CF78D6CDF1}.Release|Any CPU.ActiveCfg = Release|Any CPU
		{D40066CD-0D4D-49B3-810B-86CF78D6CDF1}.Release|Any CPU.Build.0 = Release|Any CPU
		{D40066CD-0D4D-49B3-810B-86CF78D6CDF1}.Release|ARM.ActiveCfg = Release|Any CPU
		{D40066CD-0D4D-49B3-810B-86CF78D6CDF1}.Release|ARM.Build.0 = Release|Any CPU
		{D40066CD-0D4D-49B3-810B-86CF78D6CDF1}.Release|ARM64.ActiveCfg = Release|Any CPU
		{D40066CD-0D4D-49B3-810B-86CF78D6CDF1}.Release|ARM64.Build.0 = Release|Any CPU
		{D40066CD-0D4D-49B3-810B-86CF78D6CDF1}.Release|x64.ActiveCfg = Release|Any CPU
		{D40066CD-0D4D-49B3-810B-86CF78D6CDF1}.Release|x64.Build.0 = Release|Any CPU
		{D40066CD-0D4D-49B3-810B-86CF78D6CDF1}.Release|x86.ActiveCfg = Release|Any CPU
		{D40066CD-0D4D-49B3-810B-86CF78D6CDF1}.Release|x86.Build.0 = Release|Any CPU
		{F3FC1746-7963-4FA3-A3F9-4FA25AD6B816}.Debug|Any CPU.ActiveCfg = Debug|Any CPU
		{F3FC1746-7963-4FA3-A3F9-4FA25AD6B816}.Debug|Any CPU.Build.0 = Debug|Any CPU
		{F3FC1746-7963-4FA3-A3F9-4FA25AD6B816}.Debug|Any CPU.Deploy.0 = Debug|Any CPU
		{F3FC1746-7963-4FA3-A3F9-4FA25AD6B816}.Debug|ARM.ActiveCfg = Debug|ARM
		{F3FC1746-7963-4FA3-A3F9-4FA25AD6B816}.Debug|ARM.Build.0 = Debug|ARM
		{F3FC1746-7963-4FA3-A3F9-4FA25AD6B816}.Debug|ARM.Deploy.0 = Debug|ARM
		{F3FC1746-7963-4FA3-A3F9-4FA25AD6B816}.Debug|ARM64.ActiveCfg = Debug|ARM64
		{F3FC1746-7963-4FA3-A3F9-4FA25AD6B816}.Debug|ARM64.Build.0 = Debug|ARM64
		{F3FC1746-7963-4FA3-A3F9-4FA25AD6B816}.Debug|ARM64.Deploy.0 = Debug|ARM64
		{F3FC1746-7963-4FA3-A3F9-4FA25AD6B816}.Debug|x64.ActiveCfg = Debug|x64
		{F3FC1746-7963-4FA3-A3F9-4FA25AD6B816}.Debug|x64.Build.0 = Debug|x64
		{F3FC1746-7963-4FA3-A3F9-4FA25AD6B816}.Debug|x64.Deploy.0 = Debug|x64
		{F3FC1746-7963-4FA3-A3F9-4FA25AD6B816}.Debug|x86.ActiveCfg = Debug|x86
		{F3FC1746-7963-4FA3-A3F9-4FA25AD6B816}.Debug|x86.Build.0 = Debug|x86
		{F3FC1746-7963-4FA3-A3F9-4FA25AD6B816}.Debug|x86.Deploy.0 = Debug|x86
		{F3FC1746-7963-4FA3-A3F9-4FA25AD6B816}.Release|Any CPU.ActiveCfg = Release|Any CPU
		{F3FC1746-7963-4FA3-A3F9-4FA25AD6B816}.Release|Any CPU.Build.0 = Release|Any CPU
		{F3FC1746-7963-4FA3-A3F9-4FA25AD6B816}.Release|Any CPU.Deploy.0 = Release|Any CPU
		{F3FC1746-7963-4FA3-A3F9-4FA25AD6B816}.Release|ARM.ActiveCfg = Release|ARM
		{F3FC1746-7963-4FA3-A3F9-4FA25AD6B816}.Release|ARM.Build.0 = Release|ARM
		{F3FC1746-7963-4FA3-A3F9-4FA25AD6B816}.Release|ARM.Deploy.0 = Release|ARM
		{F3FC1746-7963-4FA3-A3F9-4FA25AD6B816}.Release|ARM64.ActiveCfg = Release|ARM64
		{F3FC1746-7963-4FA3-A3F9-4FA25AD6B816}.Release|ARM64.Build.0 = Release|ARM64
		{F3FC1746-7963-4FA3-A3F9-4FA25AD6B816}.Release|ARM64.Deploy.0 = Release|ARM64
		{F3FC1746-7963-4FA3-A3F9-4FA25AD6B816}.Release|x64.ActiveCfg = Release|x64
		{F3FC1746-7963-4FA3-A3F9-4FA25AD6B816}.Release|x64.Build.0 = Release|x64
		{F3FC1746-7963-4FA3-A3F9-4FA25AD6B816}.Release|x64.Deploy.0 = Release|x64
		{F3FC1746-7963-4FA3-A3F9-4FA25AD6B816}.Release|x86.ActiveCfg = Release|x86
		{F3FC1746-7963-4FA3-A3F9-4FA25AD6B816}.Release|x86.Build.0 = Release|x86
		{F3FC1746-7963-4FA3-A3F9-4FA25AD6B816}.Release|x86.Deploy.0 = Release|x86
	EndGlobalSection
	GlobalSection(SolutionProperties) = preSolution
		HideSolutionNode = FALSE
	EndGlobalSection
	GlobalSection(ExtensibilityGlobals) = postSolution
		SolutionGuid = {4E921996-0527-4B0C-AE58-05B0D59B6537}
	EndGlobalSection
EndGlobal
